{
  "name": "sleeve",
  "version": "0.1.0",
  "lockfileVersion": 2,
  "requires": true,
  "packages": {
    "": {
      "name": "sleeve",
      "version": "0.1.0",
      "license": "https://class.imooc.com/sale/javafullstack",
      "dependencies": {
        "lin-ui": "0.6.12"
      },
      "devDependencies": {}
    },
    "node_modules/lin-ui": {
      "version": "0.6.12",
      "resolved": "https://registry.npmmirror.com/lin-ui/-/lin-ui-0.6.12.tgz",
      "integrity": "sha512-SRpZPGOJ2VTBAH00okPjL2/M6GQgSXjVkxhqG5FV8D3nrnaaRnFp+nCssoFaUU4tK3TChHATcEahtxyPBkak3Q=="
    }
  },
  "dependencies": {
    "lin-ui": {
      "version": "0.6.12",
      "resolved": "https://registry.npmmirror.com/lin-ui/-/lin-ui-0.6.12.tgz",
      "integrity": "sha512-SRpZPGOJ2VTBAH00okPjL2/M6GQgSXjVkxhqG5FV8D3nrnaaRnFp+nCssoFaUU4tK3TChHATcEahtxyPBkak3Q=="
    }
  }
}
